
Microsoft Visual Studio Solution File, Format Version 12.00
# Visual Studio Version 16
VisualStudioVersion = 25.0.1705.6
MinimumVisualStudioVersion = 10.0.40219.1
Project("{FAE04EC0-301F-11D3-BF4B-00C04F79EFBC}") = "TestApp1", "TestApp1\TestApp1.csproj", "{95A4FF3B-9F2D-4888-981F-B0C0A52C9C48}"
EndProject
Global
	GlobalSection(SolutionConfigurationPlatforms) = preSolution
		Debug|Any CPU = Debug|Any CPU
		Release|Any CPU = Release|Any CPU
	EndGlobalSection
	GlobalSection(ProjectConfigurationPlatforms) = postSolution
		{95A4FF3B-9F2D-4888-981F-B0C0A52C9C48}.Debug|Any CPU.ActiveCfg = Debug|Any CPU
		{95A4FF3B-9F2D-4888-981F-B0C0A52C9C48}.Debug|Any CPU.Build.0 = Debug|Any CPU
		{95A4FF3B-9F2D-4888-981F-B0C0A52C9C48}.Release|Any CPU.ActiveCfg = Release|Any CPU
		{95A4FF3B-9F2D-4888-981F-B0C0A52C9C48}.Release|Any CPU.Build.0 = Release|Any CPU
	EndGlobalSection
	GlobalSection(SolutionProperties) = preSolution
		HideSolutionNode = FALSE
	EndGlobalSection
	GlobalSection(ExtensibilityGlobals) = postSolution
		SolutionGuid = {932D2432-218A-46EC-9E3B-672AEE7E498F}
	EndGlobalSection
EndGlobal
